{
    "name": "tools",
    "version": "1.0.0",
    "lockfileVersion": 2,
    "requires": true,
    "packages": {
        "": {
            "version": "1.0.0",
            "license": "ISC",
            "dependencies": {
                "crypto": "^1.0.1"
            }
        },
        "node_modules/crypto": {
            "version": "1.0.1",
            "resolved": "https://registry.npm.taobao.org/crypto/download/crypto-1.0.1.tgz",
            "integrity": "sha1-KvG3ytgXXSTIobB3glV5SiGAMDc=",
            "deprecated": "This package is no longer supported. It's now a built-in Node module. If you've depended on crypto, you should switch to the one that's built-in."
        }
    },
    "dependencies": {
        "crypto": {
            "version": "1.0.1",
            "resolved": "https://registry.npm.taobao.org/crypto/download/crypto-1.0.1.tgz",
            "integrity": "sha1-KvG3ytgXXSTIobB3glV5SiGAMDc="
        }
    }
}
